
Microsoft Visual Studio Solution File, Format Version 12.00
# Visual Studio Version 16
VisualStudioVersion = 16.0.30523.141
MinimumVisualStudioVersion = 10.0.40219.1
Project("{FAE04EC0-301F-11D3-BF4B-00C04F79EFBC}") = "server-sip-alg", "server-sip-alg\server-sip-alg.csproj", "{ADEC18C6-D8D3-44BA-8F2B-5D77C4481109}"
EndProject
Project("{FAE04EC0-301F-11D3-BF4B-00C04F79EFBC}") = "server-sip-alg-unit-test", "server-sip-alg-unit-test\server-sip-alg-unit-test.csproj", "{D54A8A20-587F-4C52-8DF1-075DBBD70366}"
EndProject
Project("{FAE04EC0-301F-11D3-BF4B-00C04F79EFBC}") = "server-sip-alg-windows-service", "server-si-alg-windows-service\server-sip-alg-windows-service.csproj", "{62DB60F7-FE1F-4C79-BEC9-AF650212D668}"
EndProject
Global
	GlobalSection(SolutionConfigurationPlatforms) = preSolution
		Debug|Any CPU = Debug|Any CPU
		Release|Any CPU = Release|Any CPU
	EndGlobalSection
	GlobalSection(ProjectConfigurationPlatforms) = postSolution
		{ADEC18C6-D8D3-44BA-8F2B-5D77C4481109}.Debug|Any CPU.ActiveCfg = Debug|Any CPU
		{ADEC18C6-D8D3-44BA-8F2B-5D77C4481109}.Debug|Any CPU.Build.0 = Debug|Any CPU
		{ADEC18C6-D8D3-44BA-8F2B-5D77C4481109}.Release|Any CPU.ActiveCfg = Release|Any CPU
		{ADEC18C6-D8D3-44BA-8F2B-5D77C4481109}.Release|Any CPU.Build.0 = Release|Any CPU
		{D54A8A20-587F-4C52-8DF1-075DBBD70366}.Debug|Any CPU.ActiveCfg = Debug|Any CPU
		{D54A8A20-587F-4C52-8DF1-075DBBD70366}.Debug|Any CPU.Build.0 = Debug|Any CPU
		{D54A8A20-587F-4C52-8DF1-075DBBD70366}.Release|Any CPU.ActiveCfg = Release|Any CPU
		{D54A8A20-587F-4C52-8DF1-075DBBD70366}.Release|Any CPU.Build.0 = Release|Any CPU
		{62DB60F7-FE1F-4C79-BEC9-AF650212D668}.Debug|Any CPU.ActiveCfg = Debug|Any CPU
		{62DB60F7-FE1F-4C79-BEC9-AF650212D668}.Debug|Any CPU.Build.0 = Debug|Any CPU
		{62DB60F7-FE1F-4C79-BEC9-AF650212D668}.Release|Any CPU.ActiveCfg = Release|Any CPU
		{62DB60F7-FE1F-4C79-BEC9-AF650212D668}.Release|Any CPU.Build.0 = Release|Any CPU
	EndGlobalSection
	GlobalSection(SolutionProperties) = preSolution
		HideSolutionNode = FALSE
	EndGlobalSection
	GlobalSection(ExtensibilityGlobals) = postSolution
		SolutionGuid = {B8BE1000-0DBE-4859-8CAA-DB79001897A4}
	EndGlobalSection
EndGlobal
